# This file was autogenerated by uv via the following command:
#    uv pip compile pyproject.toml -o uv.lock
air==0.19.0
    # via air-markdown (pyproject.toml)
annotated-types==0.7.0
    # via pydantic
anyio==4.10.0
    # via starlette
fastapi==0.116.1
    # via air
idna==3.10
    # via anyio
jinja2==3.1.6
    # via air
markupsafe==3.0.2
    # via jinja2
mistletoe==1.4.0
    # via air-markdown (pyproject.toml)
pydantic==2.11.7
    # via fastapi
pydantic-core==2.33.2
    # via pydantic
python-multipart==0.0.20
    # via air
sniffio==1.3.1
    # via anyio
starlette==0.47.2
    # via fastapi
typing-extensions==4.14.1
    # via
    #   fastapi
    #   pydantic
    #   pydantic-core
    #   typing-inspection
typing-inspection==0.4.1
    # via pydantic
